
Microsoft Visual Studio Solution File, Format Version 12.00
# Visual Studio 15
Project("{FAE04EC0-301F-11D3-BF4B-00C04F79EFBC}") = "Unity.2D.Welcome", "Unity.2D.Welcome.csproj", "{47124607-E2D6-62FD-3CFC-9A08A48F6D15}"
EndProject
Global
	GlobalSection(SolutionConfigurationPlatforms) = preSolution
		Debug|Any CPU = Debug|Any CPU
		Release|Any CPU = Release|Any CPU
	EndGlobalSection
	GlobalSection(ProjectConfigurationPlatforms) = postSolution
		{47124607-E2D6-62FD-3CFC-9A08A48F6D15}.Debug|Any CPU.ActiveCfg = Debug|Any CPU
		{47124607-E2D6-62FD-3CFC-9A08A48F6D15}.Debug|Any CPU.Build.0 = Debug|Any CPU
		{47124607-E2D6-62FD-3CFC-9A08A48F6D15}.Release|Any CPU.ActiveCfg = Release|Any CPU
		{47124607-E2D6-62FD-3CFC-9A08A48F6D15}.Release|Any CPU.Build.0 = Release|Any CPU
	EndGlobalSection
	GlobalSection(SolutionProperties) = preSolution
		HideSolutionNode = FALSE
	EndGlobalSection
EndGlobal
